
Microsoft Visual Studio Solution File, Format Version 12.00
# Visual Studio Version 16
VisualStudioVersion = 16.0.30804.86
MinimumVisualStudioVersion = 10.0.40219.1
Project("{FAE04EC0-301F-11D3-BF4B-00C04F79EFBC}") = "demoT3", "demoT3.csproj", "{7D3724D6-398A-4111-B0B2-4503FECEA708}"
EndProject
Global
	GlobalSection(SolutionConfigurationPlatforms) = preSolution
		Debug|Any CPU = Debug|Any CPU
		Release|Any CPU = Release|Any CPU
	EndGlobalSection
	GlobalSection(ProjectConfigurationPlatforms) = postSolution
		{7D3724D6-398A-4111-B0B2-4503FECEA708}.Debug|Any CPU.ActiveCfg = Debug|Any CPU
		{7D3724D6-398A-4111-B0B2-4503FECEA708}.Debug|Any CPU.Build.0 = Debug|Any CPU
		{7D3724D6-398A-4111-B0B2-4503FECEA708}.Release|Any CPU.ActiveCfg = Release|Any CPU
		{7D3724D6-398A-4111-B0B2-4503FECEA708}.Release|Any CPU.Build.0 = Release|Any CPU
	EndGlobalSection
	GlobalSection(SolutionProperties) = preSolution
		HideSolutionNode = FALSE
	EndGlobalSection
	GlobalSection(ExtensibilityGlobals) = postSolution
		SolutionGuid = {0F1EC9A5-6B64-4DE5-9C02-9BB54EF360E6}
	EndGlobalSection
EndGlobal
