
Microsoft Visual Studio Solution File, Format Version 12.00
# Visual Studio Version 16
VisualStudioVersion = 16.0.30804.86
MinimumVisualStudioVersion = 10.0.40219.1
Project("{FAE04EC0-301F-11D3-BF4B-00C04F79EFBC}") = "demoT5MathGame", "demoT5MathGame.csproj", "{B0C041B2-7723-4561-8E9B-C65657A6946C}"
EndProject
Global
	GlobalSection(SolutionConfigurationPlatforms) = preSolution
		Debug|Any CPU = Debug|Any CPU
		Release|Any CPU = Release|Any CPU
	EndGlobalSection
	GlobalSection(ProjectConfigurationPlatforms) = postSolution
		{B0C041B2-7723-4561-8E9B-C65657A6946C}.Debug|Any CPU.ActiveCfg = Debug|Any CPU
		{B0C041B2-7723-4561-8E9B-C65657A6946C}.Debug|Any CPU.Build.0 = Debug|Any CPU
		{B0C041B2-7723-4561-8E9B-C65657A6946C}.Release|Any CPU.ActiveCfg = Release|Any CPU
		{B0C041B2-7723-4561-8E9B-C65657A6946C}.Release|Any CPU.Build.0 = Release|Any CPU
	EndGlobalSection
	GlobalSection(SolutionProperties) = preSolution
		HideSolutionNode = FALSE
	EndGlobalSection
	GlobalSection(ExtensibilityGlobals) = postSolution
		SolutionGuid = {E02C7100-32F1-4A79-88AE-13FCB73298DD}
	EndGlobalSection
EndGlobal
